# THIS IS AN AUTOGENERATED FILE. DO NOT EDIT THIS FILE DIRECTLY.
# yarn lockfile v1


"@babel/code-frame@^7.0.0":
  version "7.16.7"
  resolved "https://registry.npmjs.org/@babel/code-frame/-/code-frame-7.16.7.tgz"
  dependencies:
    "@babel/highlight" "^7.16.7"

"@babel/helper-validator-identifier@^7.16.7":
  version "7.16.7"
  resolved "https://registry.npmjs.org/@babel/helper-validator-identifier/-/helper-validator-identifier-7.16.7.tgz"

"@babel/highlight@^7.16.7":
  version "7.17.9"
  resolved "https://registry.npmjs.org/@babel/highlight/-/highlight-7.17.9.tgz"
  dependencies:
    "@babel/helper-validator-identifier" "^7.16.7"
    chalk "^2.0.0"
    js-tokens "^4.0.0"

"@jridgewell/gen-mapping@^0.3.0":
  version "0.3.2"
  resolved "https://registry.yarnpkg.com/@jridgewell/gen-mapping/-/gen-mapping-0.3.2.tgz#c1aedc61e853f2bb9f5dfe6d4442d3b565b253b9"
  dependencies:
    "@jridgewell/set-array" "^1.0.1"
    "@jridgewell/sourcemap-codec" "^1.4.10"
    "@jridgewell/trace-mapping" "^0.3.9"

"@jridgewell/resolve-uri@^3.0.3":
  version "3.1.0"
  resolved "https://registry.yarnpkg.com/@jridgewell/resolve-uri/-/resolve-uri-3.1.0.tgz#2203b118c157721addfe69d47b70465463066d78"

"@jridgewell/set-array@^1.0.1":
  version "1.1.2"
  resolved "https://registry.yarnpkg.com/@jridgewell/set-array/-/set-array-1.1.2.tgz#7c6cf998d6d20b914c0a55a91ae928ff25965e72"

"@jridgewell/source-map@^0.3.2":
  version "0.3.2"
  resolved "https://registry.yarnpkg.com/@jridgewell/source-map/-/source-map-0.3.2.tgz#f45351aaed4527a298512ec72f81040c998580fb"
  dependencies:
    "@jridgewell/gen-mapping" "^0.3.0"
    "@jridgewell/trace-mapping" "^0.3.9"

"@jridgewell/sourcemap-codec@^1.4.10":
  version "1.4.14"
  resolved "https://registry.yarnpkg.com/@jridgewell/sourcemap-codec/-/sourcemap-codec-1.4.14.tgz#add4c98d341472a289190b424efbdb096991bb24"

"@jridgewell/trace-mapping@^0.3.9":
  version "0.3.14"
  resolved "https://registry.yarnpkg.com/@jridgewell/trace-mapping/-/trace-mapping-0.3.14.tgz#b231a081d8f66796e475ad588a1ef473112701ed"
  dependencies:
    "@jridgewell/resolve-uri" "^3.0.3"
    "@jridgewell/sourcemap-codec" "^1.4.10"

"@parcel/bundler-default@2.4.1":
  version "2.4.1"
  resolved "https://registry.npmjs.org/@parcel/bundler-default/-/bundler-default-2.4.1.tgz"
  dependencies:
    "@parcel/diagnostic" "2.4.1"
    "@parcel/hash" "2.4.1"
    "@parcel/plugin" "2.4.1"
    "@parcel/utils" "2.4.1"
    nullthrows "^1.1.1"

"@parcel/cache@2.4.1":
  version "2.4.1"
  resolved "https://registry.npmjs.org/@parcel/cache/-/cache-2.4.1.tgz"
  dependencies:
    "@parcel/fs" "2.4.1"
    "@parcel/logger" "2.4.1"
    "@parcel/utils" "2.4.1"
    lmdb "2.2.4"

"@parcel/codeframe@2.4.1":
  version "2.4.1"
  resolved "https://registry.npmjs.org/@parcel/codeframe/-/codeframe-2.4.1.tgz"
  dependencies:
    chalk "^4.1.0"

"@parcel/compressor-raw@2.4.1":
  version "2.4.1"
  resolved "https://registry.npmjs.org/@parcel/compressor-raw/-/compressor-raw-2.4.1.tgz"
  dependencies:
    "@parcel/plugin" "2.4.1"

"@parcel/config-default@2.4.1":
  version "2.4.1"
  resolved "https://registry.npmjs.org/@parcel/config-default/-/config-default-2.4.1.tgz"
  dependencies:
    "@parcel/bundler-default" "2.4.1"
    "@parcel/compressor-raw" "2.4.1"
    "@parcel/namer-default" "2.4.1"
    "@parcel/optimizer-css" "2.4.1"
    "@parcel/optimizer-htmlnano" "2.4.1"
    "@parcel/optimizer-image" "2.4.1"
    "@parcel/optimizer-svgo" "2.4.1"
    "@parcel/optimizer-terser" "2.4.1"
    "@parcel/packager-css" "2.4.1"
    "@parcel/packager-html" "2.4.1"
    "@parcel/packager-js" "2.4.1"
    "@parcel/packager-raw" "2.4.1"
    "@parcel/packager-svg" "2.4.1"
    "@parcel/reporter-dev-server" "2.4.1"
    "@parcel/resolver-default" "2.4.1"
    "@parcel/runtime-browser-hmr" "2.4.1"
    "@parcel/runtime-js" "2.4.1"
    "@parcel/runtime-react-refresh" "2.4.1"
    "@parcel/runtime-service-worker" "2.4.1"
    "@parcel/transformer-babel" "2.4.1"
    "@parcel/transformer-css" "2.4.1"
    "@parcel/transformer-html" "2.4.1"
    "@parcel/transformer-image" "2.4.1"
    "@parcel/transformer-js" "2.4.1"
    "@parcel/transformer-json" "2.4.1"
    "@parcel/transformer-postcss" "2.4.1"
    "@parcel/transformer-posthtml" "2.4.1"
    "@parcel/transformer-raw" "2.4.1"
    "@parcel/transformer-react-refresh-wrap" "2.4.1"
    "@parcel/transformer-svg" "2.4.1"

"@parcel/core@2.4.1":
  version "2.4.1"
  resolved "https://registry.npmjs.org/@parcel/core/-/core-2.4.1.tgz"
  dependencies:
    "@parcel/cache" "2.4.1"
    "@parcel/diagnostic" "2.4.1"
    "@parcel/events" "2.4.1"
    "@parcel/fs" "2.4.1"
    "@parcel/graph" "2.4.1"
    "@parcel/hash" "2.4.1"
    "@parcel/logger" "2.4.1"
    "@parcel/package-manager" "2.4.1"
    "@parcel/plugin" "2.4.1"
    "@parcel/source-map" "^2.0.0"
    "@parcel/types" "2.4.1"
    "@parcel/utils" "2.4.1"
    "@parcel/workers" "2.4.1"
    abortcontroller-polyfill "^1.1.9"
    base-x "^3.0.8"
    browserslist "^4.6.6"
    clone "^2.1.1"
    dotenv "^7.0.0"
    dotenv-expand "^5.1.0"
    json-source-map "^0.6.1"
    json5 "^2.2.0"
    msgpackr "^1.5.4"
    nullthrows "^1.1.1"
    semver "^5.7.1"

"@parcel/css-darwin-arm64@1.8.0":
  version "1.8.0"
  resolved "https://registry.npmjs.org/@parcel/css-darwin-arm64/-/css-darwin-arm64-1.8.0.tgz"

"@parcel/css-darwin-x64@1.8.0":
  version "1.8.0"
  resolved "https://registry.yarnpkg.com/@parcel/css-darwin-x64/-/css-darwin-x64-1.8.0.tgz#85dc8d81f011c1d8d6f0152804664d0212d24e45"

"@parcel/css-linux-arm-gnueabihf@1.8.0":
  version "1.8.0"
  resolved "https://registry.yarnpkg.com/@parcel/css-linux-arm-gnueabihf/-/css-linux-arm-gnueabihf-1.8.0.tgz#7b066a8f908d5d9ead76f1aeb252a989674f15d5"

"@parcel/css-linux-arm64-gnu@1.8.0":
  version "1.8.0"
  resolved "https://registry.yarnpkg.com/@parcel/css-linux-arm64-gnu/-/css-linux-arm64-gnu-1.8.0.tgz#aa2546d026158c59a888394efc4a1578470a789c"

"@parcel/css-linux-arm64-musl@1.8.0":
  version "1.8.0"
  resolved "https://registry.yarnpkg.com/@parcel/css-linux-arm64-musl/-/css-linux-arm64-musl-1.8.0.tgz#233f985948433126efca3ddb974296f1f7520701"

"@parcel/css-linux-x64-gnu@1.8.0":
  version "1.8.0"
  resolved "https://registry.yarnpkg.com/@parcel/css-linux-x64-gnu/-/css-linux-x64-gnu-1.8.0.tgz#2b3262950e2ce2721facee150a99b2a620bef536"

"@parcel/css-linux-x64-musl@1.8.0":
  version "1.8.0"
  resolved "https://registry.yarnpkg.com/@parcel/css-linux-x64-musl/-/css-linux-x64-musl-1.8.0.tgz#f8839f56eac201a3a58f15308e5a334700a49d52"

"@parcel/css-win32-x64-msvc@1.8.0":
  version "1.8.0"
  resolved "https://registry.yarnpkg.com/@parcel/css-win32-x64-msvc/-/css-win32-x64-msvc-1.8.0.tgz#928fe074c48cf72d3349d9042f604b268041eb8a"

"@parcel/css@^1.7.4":
  version "1.8.0"
  resolved "https://registry.npmjs.org/@parcel/css/-/css-1.8.0.tgz"
  dependencies:
    detect-libc "^1.0.3"
  optionalDependencies:
    "@parcel/css-darwin-arm64" "1.8.0"
    "@parcel/css-darwin-x64" "1.8.0"
    "@parcel/css-linux-arm-gnueabihf" "1.8.0"
    "@parcel/css-linux-arm64-gnu" "1.8.0"
    "@parcel/css-linux-arm64-musl" "1.8.0"
    "@parcel/css-linux-x64-gnu" "1.8.0"
    "@parcel/css-linux-x64-musl" "1.8.0"
    "@parcel/css-win32-x64-msvc" "1.8.0"

"@parcel/diagnostic@2.4.1":
  version "2.4.1"
  resolved "https://registry.npmjs.org/@parcel/diagnostic/-/diagnostic-2.4.1.tgz"
  dependencies:
    json-source-map "^0.6.1"
    nullthrows "^1.1.1"

"@parcel/events@2.4.1":
  version "2.4.1"
  resolved "https://registry.npmjs.org/@parcel/events/-/events-2.4.1.tgz"

"@parcel/fs-search@2.4.1":
  version "2.4.1"
  resolved "https://registry.npmjs.org/@parcel/fs-search/-/fs-search-2.4.1.tgz"
  dependencies:
    detect-libc "^1.0.3"

"@parcel/fs@2.4.1":
  version "2.4.1"
  resolved "https://registry.npmjs.org/@parcel/fs/-/fs-2.4.1.tgz"
  dependencies:
    "@parcel/fs-search" "2.4.1"
    "@parcel/types" "2.4.1"
    "@parcel/utils" "2.4.1"
    "@parcel/watcher" "^2.0.0"
    "@parcel/workers" "2.4.1"

"@parcel/graph@2.4.1":
  version "2.4.1"
  resolved "https://registry.npmjs.org/@parcel/graph/-/graph-2.4.1.tgz"
  dependencies:
    "@parcel/utils" "2.4.1"
    nullthrows "^1.1.1"

"@parcel/hash@2.4.1":
  version "2.4.1"
  resolved "https://registry.npmjs.org/@parcel/hash/-/hash-2.4.1.tgz"
  dependencies:
    detect-libc "^1.0.3"
    xxhash-wasm "^0.4.2"

"@parcel/logger@2.4.1":
  version "2.4.1"
  resolved "https://registry.npmjs.org/@parcel/logger/-/logger-2.4.1.tgz"
  dependencies:
    "@parcel/diagnostic" "2.4.1"
    "@parcel/events" "2.4.1"

"@parcel/markdown-ansi@2.4.1":
  version "2.4.1"
  resolved "https://registry.npmjs.org/@parcel/markdown-ansi/-/markdown-ansi-2.4.1.tgz"
  dependencies:
    chalk "^4.1.0"

"@parcel/namer-default@2.4.1":
  version "2.4.1"
  resolved "https://registry.npmjs.org/@parcel/namer-default/-/namer-default-2.4.1.tgz"
  dependencies:
    "@parcel/diagnostic" "2.4.1"
    "@parcel/plugin" "2.4.1"
    nullthrows "^1.1.1"

"@parcel/node-resolver-core@2.4.1":
  version "2.4.1"
  resolved "https://registry.npmjs.org/@parcel/node-resolver-core/-/node-resolver-core-2.4.1.tgz"
  dependencies:
    "@parcel/diagnostic" "2.4.1"
    "@parcel/utils" "2.4.1"
    nullthrows "^1.1.1"

"@parcel/optimizer-css@2.4.1":
  version "2.4.1"
  resolved "https://registry.npmjs.org/@parcel/optimizer-css/-/optimizer-css-2.4.1.tgz"
  dependencies:
    "@parcel/css" "^1.7.4"
    "@parcel/diagnostic" "2.4.1"
    "@parcel/plugin" "2.4.1"
    "@parcel/source-map" "^2.0.0"
    "@parcel/utils" "2.4.1"
    browserslist "^4.6.6"
    nullthrows "^1.1.1"

"@parcel/optimizer-htmlnano@2.4.1":
  version "2.4.1"
  resolved "https://registry.npmjs.org/@parcel/optimizer-htmlnano/-/optimizer-htmlnano-2.4.1.tgz"
  dependencies:
    "@parcel/plugin" "2.4.1"
    htmlnano "^2.0.0"
    nullthrows "^1.1.1"
    posthtml "^0.16.5"
    svgo "^2.4.0"

"@parcel/optimizer-image@2.4.1":
  version "2.4.1"
  resolved "https://registry.npmjs.org/@parcel/optimizer-image/-/optimizer-image-2.4.1.tgz"
  dependencies:
    "@parcel/diagnostic" "2.4.1"
    "@parcel/plugin" "2.4.1"
    "@parcel/utils" "2.4.1"
    "@parcel/workers" "2.4.1"
    detect-libc "^1.0.3"

"@parcel/optimizer-svgo@2.4.1":
  version "2.4.1"
  resolved "https://registry.npmjs.org/@parcel/optimizer-svgo/-/optimizer-svgo-2.4.1.tgz"
  dependencies:
    "@parcel/diagnostic" "2.4.1"
    "@parcel/plugin" "2.4.1"
    "@parcel/utils" "2.4.1"
    svgo "^2.4.0"

"@parcel/optimizer-terser@2.4.1":
  version "2.4.1"
  resolved "https://registry.npmjs.org/@parcel/optimizer-terser/-/optimizer-terser-2.4.1.tgz"
  dependencies:
    "@parcel/diagnostic" "2.4.1"
    "@parcel/plugin" "2.4.1"
    "@parcel/source-map" "^2.0.0"
    "@parcel/utils" "2.4.1"
    nullthrows "^1.1.1"
    terser "^5.2.0"

"@parcel/package-manager@2.4.1":
  version "2.4.1"
  resolved "https://registry.npmjs.org/@parcel/package-manager/-/package-manager-2.4.1.tgz"
  dependencies:
    "@parcel/diagnostic" "2.4.1"
    "@parcel/fs" "2.4.1"
    "@parcel/logger" "2.4.1"
    "@parcel/types" "2.4.1"
    "@parcel/utils" "2.4.1"
    "@parcel/workers" "2.4.1"
    semver "^5.7.1"

"@parcel/packager-css@2.4.1":
  version "2.4.1"
  resolved "https://registry.npmjs.org/@parcel/packager-css/-/packager-css-2.4.1.tgz"
  dependencies:
    "@parcel/plugin" "2.4.1"
    "@parcel/source-map" "^2.0.0"
    "@parcel/utils" "2.4.1"
    nullthrows "^1.1.1"

"@parcel/packager-html@2.4.1":
  version "2.4.1"
  resolved "https://registry.npmjs.org/@parcel/packager-html/-/packager-html-2.4.1.tgz"
  dependencies:
    "@parcel/plugin" "2.4.1"
    "@parcel/types" "2.4.1"
    "@parcel/utils" "2.4.1"
    nullthrows "^1.1.1"
    posthtml "^0.16.5"

"@parcel/packager-js@2.4.1":
  version "2.4.1"
  resolved "https://registry.npmjs.org/@parcel/packager-js/-/packager-js-2.4.1.tgz"
  dependencies:
    "@parcel/diagnostic" "2.4.1"
    "@parcel/hash" "2.4.1"
    "@parcel/plugin" "2.4.1"
    "@parcel/source-map" "^2.0.0"
    "@parcel/utils" "2.4.1"
    globals "^13.2.0"
    nullthrows "^1.1.1"

"@parcel/packager-raw@2.4.1":
  version "2.4.1"
  resolved "https://registry.npmjs.org/@parcel/packager-raw/-/packager-raw-2.4.1.tgz"
  dependencies:
    "@parcel/plugin" "2.4.1"

"@parcel/packager-svg@2.4.1":
  version "2.4.1"
  resolved "https://registry.npmjs.org/@parcel/packager-svg/-/packager-svg-2.4.1.tgz"
  dependencies:
    "@parcel/plugin" "2.4.1"
    "@parcel/types" "2.4.1"
    "@parcel/utils" "2.4.1"
    posthtml "^0.16.4"

"@parcel/plugin@2.4.1":
  version "2.4.1"
  resolved "https://registry.npmjs.org/@parcel/plugin/-/plugin-2.4.1.tgz"
  dependencies:
    "@parcel/types" "2.4.1"

"@parcel/reporter-cli@2.4.1":
  version "2.4.1"
  resolved "https://registry.npmjs.org/@parcel/reporter-cli/-/reporter-cli-2.4.1.tgz"
  dependencies:
    "@parcel/plugin" "2.4.1"
    "@parcel/types" "2.4.1"
    "@parcel/utils" "2.4.1"
    chalk "^4.1.0"
    term-size "^2.2.1"

"@parcel/reporter-dev-server@2.4.1":
  version "2.4.1"
  resolved "https://registry.npmjs.org/@parcel/reporter-dev-server/-/reporter-dev-server-2.4.1.tgz"
  dependencies:
    "@parcel/plugin" "2.4.1"
    "@parcel/utils" "2.4.1"

"@parcel/resolver-default@2.4.1":
  version "2.4.1"
  resolved "https://registry.npmjs.org/@parcel/resolver-default/-/resolver-default-2.4.1.tgz"
  dependencies:
    "@parcel/node-resolver-core" "2.4.1"
    "@parcel/plugin" "2.4.1"

"@parcel/runtime-browser-hmr@2.4.1":
  version "2.4.1"
  resolved "https://registry.npmjs.org/@parcel/runtime-browser-hmr/-/runtime-browser-hmr-2.4.1.tgz"
  dependencies:
    "@parcel/plugin" "2.4.1"
    "@parcel/utils" "2.4.1"

"@parcel/runtime-js@2.4.1":
  version "2.4.1"
  resolved "https://registry.npmjs.org/@parcel/runtime-js/-/runtime-js-2.4.1.tgz"
  dependencies:
    "@parcel/plugin" "2.4.1"
    "@parcel/utils" "2.4.1"
    nullthrows "^1.1.1"

"@parcel/runtime-react-refresh@2.4.1":
  version "2.4.1"
  resolved "https://registry.npmjs.org/@parcel/runtime-react-refresh/-/runtime-react-refresh-2.4.1.tgz"
  dependencies:
    "@parcel/plugin" "2.4.1"
    "@parcel/utils" "2.4.1"
    react-refresh "^0.9.0"

"@parcel/runtime-service-worker@2.4.1":
  version "2.4.1"
  resolved "https://registry.npmjs.org/@parcel/runtime-service-worker/-/runtime-service-worker-2.4.1.tgz"
  dependencies:
    "@parcel/plugin" "2.4.1"
    "@parcel/utils" "2.4.1"
    nullthrows "^1.1.1"

"@parcel/source-map@^2.0.0":
  version "2.0.2"
  resolved "https://registry.npmjs.org/@parcel/source-map/-/source-map-2.0.2.tgz"
  dependencies:
    detect-libc "^1.0.3"

"@parcel/transformer-babel@2.4.1":
  version "2.4.1"
  resolved "https://registry.npmjs.org/@parcel/transformer-babel/-/transformer-babel-2.4.1.tgz"
  dependencies:
    "@parcel/diagnostic" "2.4.1"
    "@parcel/plugin" "2.4.1"
    "@parcel/source-map" "^2.0.0"
    "@parcel/utils" "2.4.1"
    browserslist "^4.6.6"
    json5 "^2.2.0"
    nullthrows "^1.1.1"
    semver "^5.7.0"

"@parcel/transformer-css@2.4.1":
  version "2.4.1"
  resolved "https://registry.npmjs.org/@parcel/transformer-css/-/transformer-css-2.4.1.tgz"
  dependencies:
    "@parcel/css" "^1.7.4"
    "@parcel/diagnostic" "2.4.1"
    "@parcel/plugin" "2.4.1"
    "@parcel/source-map" "^2.0.0"
    "@parcel/utils" "2.4.1"
    browserslist "^4.6.6"
    nullthrows "^1.1.1"

"@parcel/transformer-html@2.4.1":
  version "2.4.1"
  resolved "https://registry.npmjs.org/@parcel/transformer-html/-/transformer-html-2.4.1.tgz"
  dependencies:
    "@parcel/diagnostic" "2.4.1"
    "@parcel/hash" "2.4.1"
    "@parcel/plugin" "2.4.1"
    nullthrows "^1.1.1"
    posthtml "^0.16.5"
    posthtml-parser "^0.10.1"
    posthtml-render "^3.0.0"
    semver "^5.7.1"

"@parcel/transformer-image@2.4.1":
  version "2.4.1"
  resolved "https://registry.npmjs.org/@parcel/transformer-image/-/transformer-image-2.4.1.tgz"
  dependencies:
    "@parcel/plugin" "2.4.1"
    "@parcel/workers" "2.4.1"
    nullthrows "^1.1.1"

"@parcel/transformer-js@2.4.1":
  version "2.4.1"
  resolved "https://registry.npmjs.org/@parcel/transformer-js/-/transformer-js-2.4.1.tgz"
  dependencies:
    "@parcel/diagnostic" "2.4.1"
    "@parcel/plugin" "2.4.1"
    "@parcel/source-map" "^2.0.0"
    "@parcel/utils" "2.4.1"
    "@parcel/workers" "2.4.1"
    "@swc/helpers" "^0.3.6"
    browserslist "^4.6.6"
    detect-libc "^1.0.3"
    nullthrows "^1.1.1"
    regenerator-runtime "^0.13.7"
    semver "^5.7.1"

"@parcel/transformer-json@2.4.1":
  version "2.4.1"
  resolved "https://registry.npmjs.org/@parcel/transformer-json/-/transformer-json-2.4.1.tgz"
  dependencies:
    "@parcel/plugin" "2.4.1"
    json5 "^2.2.0"

"@parcel/transformer-postcss@2.4.1":
  version "2.4.1"
  resolved "https://registry.npmjs.org/@parcel/transformer-postcss/-/transformer-postcss-2.4.1.tgz"
  dependencies:
    "@parcel/diagnostic" "2.4.1"
    "@parcel/hash" "2.4.1"
    "@parcel/plugin" "2.4.1"
    "@parcel/utils" "2.4.1"
    clone "^2.1.1"
    nullthrows "^1.1.1"
    postcss-value-parser "^4.2.0"
    semver "^5.7.1"

"@parcel/transformer-posthtml@2.4.1":
  version "2.4.1"
  resolved "https://registry.npmjs.org/@parcel/transformer-posthtml/-/transformer-posthtml-2.4.1.tgz"
  dependencies:
    "@parcel/plugin" "2.4.1"
    "@parcel/utils" "2.4.1"
    nullthrows "^1.1.1"
    posthtml "^0.16.5"
    posthtml-parser "^0.10.1"
    posthtml-render "^3.0.0"
    semver "^5.7.1"

"@parcel/transformer-raw@2.4.1":
  version "2.4.1"
  resolved "https://registry.npmjs.org/@parcel/transformer-raw/-/transformer-raw-2.4.1.tgz"
  dependencies:
    "@parcel/plugin" "2.4.1"

"@parcel/transformer-react-refresh-wrap@2.4.1":
  version "2.4.1"
  resolved "https://registry.npmjs.org/@parcel/transformer-react-refresh-wrap/-/transformer-react-refresh-wrap-2.4.1.tgz"
  dependencies:
    "@parcel/plugin" "2.4.1"
    "@parcel/utils" "2.4.1"
    react-refresh "^0.9.0"

"@parcel/transformer-svg@2.4.1":
  version "2.4.1"
  resolved "https://registry.npmjs.org/@parcel/transformer-svg/-/transformer-svg-2.4.1.tgz"
  dependencies:
    "@parcel/diagnostic" "2.4.1"
    "@parcel/hash" "2.4.1"
    "@parcel/plugin" "2.4.1"
    nullthrows "^1.1.1"
    posthtml "^0.16.5"
    posthtml-parser "^0.10.1"
    posthtml-render "^3.0.0"
    semver "^5.7.1"

"@parcel/types@2.4.1":
  version "2.4.1"
  resolved "https://registry.npmjs.org/@parcel/types/-/types-2.4.1.tgz"
  dependencies:
    "@parcel/cache" "2.4.1"
    "@parcel/diagnostic" "2.4.1"
    "@parcel/fs" "2.4.1"
    "@parcel/package-manager" "2.4.1"
    "@parcel/source-map" "^2.0.0"
    "@parcel/workers" "2.4.1"
    utility-types "^3.10.0"

"@parcel/utils@2.4.1":
  version "2.4.1"
  resolved "https://registry.npmjs.org/@parcel/utils/-/utils-2.4.1.tgz"
  dependencies:
    "@parcel/codeframe" "2.4.1"
    "@parcel/diagnostic" "2.4.1"
    "@parcel/hash" "2.4.1"
    "@parcel/logger" "2.4.1"
    "@parcel/markdown-ansi" "2.4.1"
    "@parcel/source-map" "^2.0.0"
    chalk "^4.1.0"

"@parcel/watcher@^2.0.0":
  version "2.0.5"
  resolved "https://registry.npmjs.org/@parcel/watcher/-/watcher-2.0.5.tgz"
  dependencies:
    node-addon-api "^3.2.1"
    node-gyp-build "^4.3.0"

"@parcel/workers@2.4.1":
  version "2.4.1"
  resolved "https://registry.npmjs.org/@parcel/workers/-/workers-2.4.1.tgz"
  dependencies:
    "@parcel/diagnostic" "2.4.1"
    "@parcel/logger" "2.4.1"
    "@parcel/types" "2.4.1"
    "@parcel/utils" "2.4.1"
    chrome-trace-event "^1.0.2"
    nullthrows "^1.1.1"

"@swc/helpers@^0.3.6":
  version "0.3.8"
  resolved "https://registry.npmjs.org/@swc/helpers/-/helpers-0.3.8.tgz"

"@trysound/sax@0.2.0":
  version "0.2.0"
  resolved "https://registry.npmjs.org/@trysound/sax/-/sax-0.2.0.tgz"

"@types/parse-json@^4.0.0":
  version "4.0.0"
  resolved "https://registry.npmjs.org/@types/parse-json/-/parse-json-4.0.0.tgz"

"@types/prop-types@*":
  version "15.7.5"
  resolved "https://registry.npmjs.org/@types/prop-types/-/prop-types-15.7.5.tgz"

"@types/react-dom@^18.0.0":
  version "18.0.0"
  resolved "https://registry.npmjs.org/@types/react-dom/-/react-dom-18.0.0.tgz"
  dependencies:
    "@types/react" "*"

"@types/react@*", "@types/react@^18.0.0":
  version "18.0.0"
  resolved "https://registry.npmjs.org/@types/react/-/react-18.0.0.tgz"
  dependencies:
    "@types/prop-types" "*"
    "@types/scheduler" "*"
    csstype "^3.0.2"

"@types/scheduler@*":
  version "0.16.2"
  resolved "https://registry.npmjs.org/@types/scheduler/-/scheduler-0.16.2.tgz"

abortcontroller-polyfill@^1.1.9:
  version "1.7.3"
  resolved "https://registry.npmjs.org/abortcontroller-polyfill/-/abortcontroller-polyfill-1.7.3.tgz"

acorn@^8.5.0:
  version "8.7.1"
  resolved "https://registry.yarnpkg.com/acorn/-/acorn-8.7.1.tgz#0197122c843d1bf6d0a5e83220a788f278f63c30"

ansi-styles@^3.2.1:
  version "3.2.1"
  resolved "https://registry.npmjs.org/ansi-styles/-/ansi-styles-3.2.1.tgz"
  dependencies:
    color-convert "^1.9.0"

ansi-styles@^4.1.0:
  version "4.3.0"
  resolved "https://registry.npmjs.org/ansi-styles/-/ansi-styles-4.3.0.tgz"
  dependencies:
    color-convert "^2.0.1"

asap@~2.0.6:
  version "2.0.6"
  resolved "https://registry.npmjs.org/asap/-/asap-2.0.6.tgz"

base-x@^3.0.8:
  version "3.0.9"
  resolved "https://registry.npmjs.org/base-x/-/base-x-3.0.9.tgz"
  dependencies:
    safe-buffer "^5.0.1"

boolbase@^1.0.0:
  version "1.0.0"
  resolved "https://registry.npmjs.org/boolbase/-/boolbase-1.0.0.tgz"

browserslist@^4.6.6:
  version "4.20.2"
  resolved "https://registry.npmjs.org/browserslist/-/browserslist-4.20.2.tgz"
  dependencies:
    caniuse-lite "^1.0.30001317"
    electron-to-chromium "^1.4.84"
    escalade "^3.1.1"
    node-releases "^2.0.2"
    picocolors "^1.0.0"

buffer-from@^1.0.0:
  version "1.1.2"
  resolved "https://registry.yarnpkg.com/buffer-from/-/buffer-from-1.1.2.tgz#2b146a6fd72e80b4f55d255f35ed59a3a9a41bd5"

callsites@^3.0.0:
  version "3.1.0"
  resolved "https://registry.npmjs.org/callsites/-/callsites-3.1.0.tgz"

caniuse-lite@^1.0.30001317:
  version "1.0.30001325"
  resolved "https://registry.npmjs.org/caniuse-lite/-/caniuse-lite-1.0.30001325.tgz"

chalk@^2.0.0:
  version "2.4.2"
  resolved "https://registry.npmjs.org/chalk/-/chalk-2.4.2.tgz"
  dependencies:
    ansi-styles "^3.2.1"
    escape-string-regexp "^1.0.5"
    supports-color "^5.3.0"

chalk@^4.1.0:
  version "4.1.2"
  resolved "https://registry.npmjs.org/chalk/-/chalk-4.1.2.tgz"
  dependencies:
    ansi-styles "^4.1.0"
    supports-color "^7.1.0"

chrome-trace-event@^1.0.2:
  version "1.0.3"
  resolved "https://registry.npmjs.org/chrome-trace-event/-/chrome-trace-event-1.0.3.tgz"

clone@^2.1.1:
  version "2.1.2"
  resolved "https://registry.npmjs.org/clone/-/clone-2.1.2.tgz"

color-convert@^1.9.0:
  version "1.9.3"
  resolved "https://registry.npmjs.org/color-convert/-/color-convert-1.9.3.tgz"
  dependencies:
    color-name "1.1.3"

color-convert@^2.0.1:
  version "2.0.1"
  resolved "https://registry.npmjs.org/color-convert/-/color-convert-2.0.1.tgz"
  dependencies:
    color-name "~1.1.4"

color-name@1.1.3:
  version "1.1.3"
  resolved "https://registry.npmjs.org/color-name/-/color-name-1.1.3.tgz"

color-name@~1.1.4:
  version "1.1.4"
  resolved "https://registry.npmjs.org/color-name/-/color-name-1.1.4.tgz"

commander@^2.20.0:
  version "2.20.3"
  resolved "https://registry.yarnpkg.com/commander/-/commander-2.20.3.tgz#fd485e84c03eb4881c20722ba48035e8531aeb33"

commander@^7.0.0, commander@^7.2.0:
  version "7.2.0"
  resolved "https://registry.npmjs.org/commander/-/commander-7.2.0.tgz"

core-js@^3.5.0:
  version "3.21.1"
  resolved "https://registry.npmjs.org/core-js/-/core-js-3.21.1.tgz"

cosmiconfig@^7.0.1:
  version "7.0.1"
  resolved "https://registry.npmjs.org/cosmiconfig/-/cosmiconfig-7.0.1.tgz"
  dependencies:
    "@types/parse-json" "^4.0.0"
    import-fresh "^3.2.1"
    parse-json "^5.0.0"
    path-type "^4.0.0"
    yaml "^1.10.0"

css-select@^4.1.3:
  version "4.3.0"
  resolved "https://registry.npmjs.org/css-select/-/css-select-4.3.0.tgz"
  dependencies:
    boolbase "^1.0.0"
    css-what "^6.0.1"
    domhandler "^4.3.1"
    domutils "^2.8.0"
    nth-check "^2.0.1"

css-tree@^1.1.2, css-tree@^1.1.3:
  version "1.1.3"
  resolved "https://registry.npmjs.org/css-tree/-/css-tree-1.1.3.tgz"
  dependencies:
    mdn-data "2.0.14"
    source-map "^0.6.1"

css-what@^6.0.1:
  version "6.1.0"
  resolved "https://registry.npmjs.org/css-what/-/css-what-6.1.0.tgz"

csso@^4.2.0:
  version "4.2.0"
  resolved "https://registry.npmjs.org/csso/-/csso-4.2.0.tgz"
  dependencies:
    css-tree "^1.1.2"

csstype@^3.0.2:
  version "3.0.11"
  resolved "https://registry.npmjs.org/csstype/-/csstype-3.0.11.tgz"

detect-libc@^1.0.3:
  version "1.0.3"
  resolved "https://registry.npmjs.org/detect-libc/-/detect-libc-1.0.3.tgz"

dom-serializer@^1.0.1:
  version "1.3.2"
  resolved "https://registry.npmjs.org/dom-serializer/-/dom-serializer-1.3.2.tgz"
  dependencies:
    domelementtype "^2.0.1"
    domhandler "^4.2.0"
    entities "^2.0.0"

domelementtype@^2.0.1, domelementtype@^2.2.0:
  version "2.3.0"
  resolved "https://registry.npmjs.org/domelementtype/-/domelementtype-2.3.0.tgz"

domhandler@^4.2.0, domhandler@^4.2.2, domhandler@^4.3.1:
  version "4.3.1"
  resolved "https://registry.npmjs.org/domhandler/-/domhandler-4.3.1.tgz"
  dependencies:
    domelementtype "^2.2.0"

domutils@^2.8.0:
  version "2.8.0"
  resolved "https://registry.npmjs.org/domutils/-/domutils-2.8.0.tgz"
  dependencies:
    dom-serializer "^1.0.1"
    domelementtype "^2.2.0"
    domhandler "^4.2.0"

dotenv-expand@^5.1.0:
  version "5.1.0"
  resolved "https://registry.npmjs.org/dotenv-expand/-/dotenv-expand-5.1.0.tgz"

dotenv@^7.0.0:
  version "7.0.0"
  resolved "https://registry.npmjs.org/dotenv/-/dotenv-7.0.0.tgz"

electron-to-chromium@^1.4.84:
  version "1.4.106"
  resolved "https://registry.npmjs.org/electron-to-chromium/-/electron-to-chromium-1.4.106.tgz"

entities@^2.0.0:
  version "2.2.0"
  resolved "https://registry.npmjs.org/entities/-/entities-2.2.0.tgz"

entities@^3.0.1:
  version "3.0.1"
  resolved "https://registry.npmjs.org/entities/-/entities-3.0.1.tgz"

error-ex@^1.3.1:
  version "1.3.2"
  resolved "https://registry.npmjs.org/error-ex/-/error-ex-1.3.2.tgz"
  dependencies:
    is-arrayish "^0.2.1"

escalade@^3.1.1:
  version "3.1.1"
  resolved "https://registry.npmjs.org/escalade/-/escalade-3.1.1.tgz"

escape-string-regexp@^1.0.5:
  version "1.0.5"
  resolved "https://registry.npmjs.org/escape-string-regexp/-/escape-string-regexp-1.0.5.tgz"

get-port@^4.2.0:
  version "4.2.0"
  resolved "https://registry.npmjs.org/get-port/-/get-port-4.2.0.tgz"

globals@^13.2.0:
  version "13.13.0"
  resolved "https://registry.npmjs.org/globals/-/globals-13.13.0.tgz"
  dependencies:
    type-fest "^0.20.2"

has-flag@^3.0.0:
  version "3.0.0"
  resolved "https://registry.npmjs.org/has-flag/-/has-flag-3.0.0.tgz"

has-flag@^4.0.0:
  version "4.0.0"
  resolved "https://registry.npmjs.org/has-flag/-/has-flag-4.0.0.tgz"

htmlnano@^2.0.0:
  version "2.0.2"
  resolved "https://registry.npmjs.org/htmlnano/-/htmlnano-2.0.2.tgz"
  dependencies:
    cosmiconfig "^7.0.1"
    posthtml "^0.16.5"
    timsort "^0.3.0"

htmlparser2@^7.1.1:
  version "7.2.0"
  resolved "https://registry.npmjs.org/htmlparser2/-/htmlparser2-7.2.0.tgz"
  dependencies:
    domelementtype "^2.0.1"
    domhandler "^4.2.2"
    domutils "^2.8.0"
    entities "^3.0.1"

import-fresh@^3.2.1:
  version "3.3.0"
  resolved "https://registry.npmjs.org/import-fresh/-/import-fresh-3.3.0.tgz"
  dependencies:
    parent-module "^1.0.0"
    resolve-from "^4.0.0"

is-arrayish@^0.2.1:
  version "0.2.1"
  resolved "https://registry.npmjs.org/is-arrayish/-/is-arrayish-0.2.1.tgz"

is-json@^2.0.1:
  version "2.0.1"
  resolved "https://registry.npmjs.org/is-json/-/is-json-2.0.1.tgz"

js-tokens@^4.0.0:
  version "4.0.0"
  resolved "https://registry.npmjs.org/js-tokens/-/js-tokens-4.0.0.tgz"

json-parse-even-better-errors@^2.3.0:
  version "2.3.1"
  resolved "https://registry.npmjs.org/json-parse-even-better-errors/-/json-parse-even-better-errors-2.3.1.tgz"

json-source-map@^0.6.1:
  version "0.6.1"
  resolved "https://registry.npmjs.org/json-source-map/-/json-source-map-0.6.1.tgz"

json5@^2.2.0:
  version "2.2.1"
  resolved "https://registry.npmjs.org/json5/-/json5-2.2.1.tgz"

lines-and-columns@^1.1.6:
  version "1.2.4"
  resolved "https://registry.npmjs.org/lines-and-columns/-/lines-and-columns-1.2.4.tgz"

lmdb@2.2.4:
  version "2.2.4"
  resolved "https://registry.npmjs.org/lmdb/-/lmdb-2.2.4.tgz"
  dependencies:
    msgpackr "^1.5.4"
    nan "^2.14.2"
    node-gyp-build "^4.2.3"
    ordered-binary "^1.2.4"
    weak-lru-cache "^1.2.2"

mdn-data@2.0.14:
  version "2.0.14"
  resolved "https://registry.npmjs.org/mdn-data/-/mdn-data-2.0.14.tgz"

msgpackr-extract-darwin-arm64@1.1.0:
  version "1.1.0"
  resolved "https://registry.yarnpkg.com/msgpackr-extract-darwin-arm64/-/msgpackr-extract-darwin-arm64-1.1.0.tgz#d590dffac6b90edc3ab53392f7ec5668ed94638c"

msgpackr-extract-darwin-x64@1.1.0:
  version "1.1.0"
  resolved "https://registry.yarnpkg.com/msgpackr-extract-darwin-x64/-/msgpackr-extract-darwin-x64-1.1.0.tgz#568cbdf5e819ac120659c02b0dbaabf483523ee3"

msgpackr-extract-linux-arm64@1.1.0:
  version "1.1.0"
  resolved "https://registry.yarnpkg.com/msgpackr-extract-linux-arm64/-/msgpackr-extract-linux-arm64-1.1.0.tgz#c0a30e6687cea4f79115f5762c5fdff90e4a20d4"

msgpackr-extract-linux-arm@1.1.0:
  version "1.1.0"
  resolved "https://registry.yarnpkg.com/msgpackr-extract-linux-arm/-/msgpackr-extract-linux-arm-1.1.0.tgz#38e8db873b6b3986558bde4d7bb15eacc8743a9e"

msgpackr-extract-linux-x64@1.1.0:
  version "1.1.0"
  resolved "https://registry.yarnpkg.com/msgpackr-extract-linux-x64/-/msgpackr-extract-linux-x64-1.1.0.tgz#8c44ca5211d9fa6af77be64a8e687c0be0491ce7"

msgpackr-extract-win32-x64@1.1.0:
  version "1.1.0"
  resolved "https://registry.yarnpkg.com/msgpackr-extract-win32-x64/-/msgpackr-extract-win32-x64-1.1.0.tgz#7bf9bd258e334668842c7532e5e40a60ca3325d7"

msgpackr-extract@^1.0.14:
  version "1.1.4"
  resolved "https://registry.yarnpkg.com/msgpackr-extract/-/msgpackr-extract-1.1.4.tgz#665037c1470f225d01d2d735dad0334fff5faae6"
  dependencies:
    node-gyp-build-optional-packages "^4.3.2"
  optionalDependencies:
    msgpackr-extract-darwin-arm64 "1.1.0"
    msgpackr-extract-darwin-x64 "1.1.0"
    msgpackr-extract-linux-arm "1.1.0"
    msgpackr-extract-linux-arm64 "1.1.0"
    msgpackr-extract-linux-x64 "1.1.0"
    msgpackr-extract-win32-x64 "1.1.0"

msgpackr@^1.5.4:
  version "1.5.5"
  resolved "https://registry.npmjs.org/msgpackr/-/msgpackr-1.5.5.tgz"
  optionalDependencies:
    msgpackr-extract "^1.0.14"

nan@^2.14.2:
  version "2.15.0"
  resolved "https://registry.npmjs.org/nan/-/nan-2.15.0.tgz"

node-addon-api@^3.2.1:
  version "3.2.1"
  resolved "https://registry.npmjs.org/node-addon-api/-/node-addon-api-3.2.1.tgz"

node-gyp-build-optional-packages@^4.3.2:
  version "4.3.5"
  resolved "https://registry.yarnpkg.com/node-gyp-build-optional-packages/-/node-gyp-build-optional-packages-4.3.5.tgz#a1de0039f81ecacecefcbb4349cdb96842343b31"

node-gyp-build@^4.2.3, node-gyp-build@^4.3.0:
  version "4.4.0"
  resolved "https://registry.npmjs.org/node-gyp-build/-/node-gyp-build-4.4.0.tgz"

node-releases@^2.0.2:
  version "2.0.2"
  resolved "https://registry.npmjs.org/node-releases/-/node-releases-2.0.2.tgz"

nth-check@^2.0.1:
  version "2.0.1"
  resolved "https://registry.npmjs.org/nth-check/-/nth-check-2.0.1.tgz"
  dependencies:
    boolbase "^1.0.0"

nullthrows@^1.1.1:
  version "1.1.1"
  resolved "https://registry.npmjs.org/nullthrows/-/nullthrows-1.1.1.tgz"

object-assign@^4.1.1:
  version "4.1.1"
  resolved "https://registry.npmjs.org/object-assign/-/object-assign-4.1.1.tgz"

ordered-binary@^1.2.4:
  version "1.2.4"
  resolved "https://registry.npmjs.org/ordered-binary/-/ordered-binary-1.2.4.tgz"

parcel@^2.4.1:
  version "2.4.1"
  resolved "https://registry.npmjs.org/parcel/-/parcel-2.4.1.tgz"
  dependencies:
    "@parcel/config-default" "2.4.1"
    "@parcel/core" "2.4.1"
    "@parcel/diagnostic" "2.4.1"
    "@parcel/events" "2.4.1"
    "@parcel/fs" "2.4.1"
    "@parcel/logger" "2.4.1"
    "@parcel/package-manager" "2.4.1"
    "@parcel/reporter-cli" "2.4.1"
    "@parcel/reporter-dev-server" "2.4.1"
    "@parcel/utils" "2.4.1"
    chalk "^4.1.0"
    commander "^7.0.0"
    get-port "^4.2.0"
    v8-compile-cache "^2.0.0"

parent-module@^1.0.0:
  version "1.0.1"
  resolved "https://registry.npmjs.org/parent-module/-/parent-module-1.0.1.tgz"
  dependencies:
    callsites "^3.0.0"

parse-json@^5.0.0:
  version "5.2.0"
  resolved "https://registry.npmjs.org/parse-json/-/parse-json-5.2.0.tgz"
  dependencies:
    "@babel/code-frame" "^7.0.0"
    error-ex "^1.3.1"
    json-parse-even-better-errors "^2.3.0"
    lines-and-columns "^1.1.6"

path-type@^4.0.0:
  version "4.0.0"
  resolved "https://registry.npmjs.org/path-type/-/path-type-4.0.0.tgz"

performance-now@^2.1.0:
  version "2.1.0"
  resolved "https://registry.npmjs.org/performance-now/-/performance-now-2.1.0.tgz"

picocolors@^1.0.0:
  version "1.0.0"
  resolved "https://registry.npmjs.org/picocolors/-/picocolors-1.0.0.tgz"

postcss-value-parser@^4.2.0:
  version "4.2.0"
  resolved "https://registry.npmjs.org/postcss-value-parser/-/postcss-value-parser-4.2.0.tgz"

posthtml-parser@^0.10.1:
  version "0.10.2"
  resolved "https://registry.npmjs.org/posthtml-parser/-/posthtml-parser-0.10.2.tgz"
  dependencies:
    htmlparser2 "^7.1.1"

posthtml-parser@^0.11.0:
  version "0.11.0"
  resolved "https://registry.npmjs.org/posthtml-parser/-/posthtml-parser-0.11.0.tgz"
  dependencies:
    htmlparser2 "^7.1.1"

posthtml-render@^3.0.0:
  version "3.0.0"
  resolved "https://registry.npmjs.org/posthtml-render/-/posthtml-render-3.0.0.tgz"
  dependencies:
    is-json "^2.0.1"

posthtml@^0.16.4, posthtml@^0.16.5:
  version "0.16.6"
  resolved "https://registry.npmjs.org/posthtml/-/posthtml-0.16.6.tgz"
  dependencies:
    posthtml-parser "^0.11.0"
    posthtml-render "^3.0.0"

promise@^8.0.3:
  version "8.1.0"
  resolved "https://registry.npmjs.org/promise/-/promise-8.1.0.tgz"
  dependencies:
    asap "~2.0.6"

raf@^3.4.1:
  version "3.4.1"
  resolved "https://registry.npmjs.org/raf/-/raf-3.4.1.tgz"
  dependencies:
    performance-now "^2.1.0"

react-app-polyfill@^1.0.0:
  version "1.0.6"
  resolved "https://registry.npmjs.org/react-app-polyfill/-/react-app-polyfill-1.0.6.tgz"
  dependencies:
    core-js "^3.5.0"
    object-assign "^4.1.1"
    promise "^8.0.3"
    raf "^3.4.1"
    regenerator-runtime "^0.13.3"
    whatwg-fetch "^3.0.0"

react-refresh@^0.9.0:
  version "0.9.0"
  resolved "https://registry.npmjs.org/react-refresh/-/react-refresh-0.9.0.tgz"

regenerator-runtime@^0.13.3, regenerator-runtime@^0.13.7:
  version "0.13.9"
  resolved "https://registry.npmjs.org/regenerator-runtime/-/regenerator-runtime-0.13.9.tgz"

resolve-from@^4.0.0:
  version "4.0.0"
  resolved "https://registry.npmjs.org/resolve-from/-/resolve-from-4.0.0.tgz"

safe-buffer@^5.0.1:
  version "5.2.1"
  resolved "https://registry.npmjs.org/safe-buffer/-/safe-buffer-5.2.1.tgz"

semver@^5.7.0, semver@^5.7.1:
  version "5.7.1"
  resolved "https://registry.npmjs.org/semver/-/semver-5.7.1.tgz"

source-map-support@~0.5.20:
  version "0.5.21"
  resolved "https://registry.yarnpkg.com/source-map-support/-/source-map-support-0.5.21.tgz#04fe7c7f9e1ed2d662233c28cb2b35b9f63f6e4f"
  dependencies:
    buffer-from "^1.0.0"
    source-map "^0.6.0"

source-map@^0.6.0, source-map@^0.6.1:
  version "0.6.1"
  resolved "https://registry.npmjs.org/source-map/-/source-map-0.6.1.tgz"

stable@^0.1.8:
  version "0.1.8"
  resolved "https://registry.npmjs.org/stable/-/stable-0.1.8.tgz"

supports-color@^5.3.0:
  version "5.5.0"
  resolved "https://registry.npmjs.org/supports-color/-/supports-color-5.5.0.tgz"
  dependencies:
    has-flag "^3.0.0"

supports-color@^7.1.0:
  version "7.2.0"
  resolved "https://registry.npmjs.org/supports-color/-/supports-color-7.2.0.tgz"
  dependencies:
    has-flag "^4.0.0"

svgo@^2.4.0:
  version "2.8.0"
  resolved "https://registry.npmjs.org/svgo/-/svgo-2.8.0.tgz"
  dependencies:
    "@trysound/sax" "0.2.0"
    commander "^7.2.0"
    css-select "^4.1.3"
    css-tree "^1.1.3"
    csso "^4.2.0"
    picocolors "^1.0.0"
    stable "^0.1.8"

term-size@^2.2.1:
  version "2.2.1"
  resolved "https://registry.npmjs.org/term-size/-/term-size-2.2.1.tgz"

terser@^5.2.0:
  version "5.14.2"
  resolved "https://registry.yarnpkg.com/terser/-/terser-5.14.2.tgz#9ac9f22b06994d736174f4091aa368db896f1c10"
  dependencies:
    "@jridgewell/source-map" "^0.3.2"
    acorn "^8.5.0"
    commander "^2.20.0"
    source-map-support "~0.5.20"

timsort@^0.3.0:
  version "0.3.0"
  resolved "https://registry.npmjs.org/timsort/-/timsort-0.3.0.tgz"

type-fest@^0.20.2:
  version "0.20.2"
  resolved "https://registry.npmjs.org/type-fest/-/type-fest-0.20.2.tgz"

typescript@^4.6.3:
  version "4.6.3"
  resolved "https://registry.npmjs.org/typescript/-/typescript-4.6.3.tgz"

utility-types@^3.10.0:
  version "3.10.0"
  resolved "https://registry.npmjs.org/utility-types/-/utility-types-3.10.0.tgz"

v8-compile-cache@^2.0.0:
  version "2.3.0"
  resolved "https://registry.npmjs.org/v8-compile-cache/-/v8-compile-cache-2.3.0.tgz"

weak-lru-cache@^1.2.2:
  version "1.2.2"
  resolved "https://registry.npmjs.org/weak-lru-cache/-/weak-lru-cache-1.2.2.tgz"

whatwg-fetch@^3.0.0:
  version "3.6.2"
  resolved "https://registry.npmjs.org/whatwg-fetch/-/whatwg-fetch-3.6.2.tgz"

xxhash-wasm@^0.4.2:
  version "0.4.2"
  resolved "https://registry.npmjs.org/xxhash-wasm/-/xxhash-wasm-0.4.2.tgz"

yaml@^1.10.0:
  version "1.10.2"
  resolved "https://registry.npmjs.org/yaml/-/yaml-1.10.2.tgz"
